
Microsoft Visual Studio Solution File, Format Version 12.00
# Visual Studio Version 17
VisualStudioVersion = 17.9.34622.214
MinimumVisualStudioVersion = 10.0.40219.1
Project("{FAE04EC0-301F-11D3-BF4B-00C04F79EFBC}") = "Working with Delegates and Events", "Working with Delegates and Events.csproj", "{79E6F9E3-0732-4533-BF53-703E6DF1983C}"
EndProject
Global
	GlobalSection(SolutionConfigurationPlatforms) = preSolution
		Debug|Any CPU = Debug|Any CPU
		Release|Any CPU = Release|Any CPU
	EndGlobalSection
	GlobalSection(ProjectConfigurationPlatforms) = postSolution
		{79E6F9E3-0732-4533-BF53-703E6DF1983C}.Debug|Any CPU.ActiveCfg = Debug|Any CPU
		{79E6F9E3-0732-4533-BF53-703E6DF1983C}.Debug|Any CPU.Build.0 = Debug|Any CPU
		{79E6F9E3-0732-4533-BF53-703E6DF1983C}.Release|Any CPU.ActiveCfg = Release|Any CPU
		{79E6F9E3-0732-4533-BF53-703E6DF1983C}.Release|Any CPU.Build.0 = Release|Any CPU
	EndGlobalSection
	GlobalSection(SolutionProperties) = preSolution
		HideSolutionNode = FALSE
	EndGlobalSection
	GlobalSection(ExtensibilityGlobals) = postSolution
		SolutionGuid = {02683CF0-F9D5-43F9-BBEB-B1A172D5E061}
	EndGlobalSection
EndGlobal
